
Microsoft Visual Studio Solution File, Format Version 12.00
# Visual Studio Version 17
VisualStudioVersion = 17.0.31903.59
MinimumVisualStudioVersion = 10.0.40219.1
Project("{FAE04EC0-301F-11D3-BF4B-00C04F79EFBC}") = "WebApi.Api", "WebApi.Api\WebApi.Api.csproj", "{C7A89BBD-14A0-4AB7-A91B-F9342065C8B4}"
EndProject
Project("{FAE04EC0-301F-11D3-BF4B-00C04F79EFBC}") = "WebApi.Application", "WebApi.Application\WebApi.Application.csproj", "{811FBDA1-26DE-42F1-801A-77FF96F10640}"
EndProject
Project("{FAE04EC0-301F-11D3-BF4B-00C04F79EFBC}") = "WebApi.Domain", "WebApi.Domain\WebApi.Domain.csproj", "{EA5A6E96-CC23-4D62-B5A2-A3279B069CCE}"
EndProject
Project("{FAE04EC0-301F-11D3-BF4B-00C04F79EFBC}") = "WebApi.Infrastructure", "WebApi.Infrastructure\WebApi.Infrastructure.csproj", "{816B7E4F-B310-4A6F-B606-B9CB82E5B923}"
EndProject
Project("{2150E333-8FDC-42A3-9474-1A3956D46DE8}") = "tests", "tests", "{0AB3BF05-4346-4AA6-1389-037BE0695223}"
EndProject
Project("{FAE04EC0-301F-11D3-BF4B-00C04F79EFBC}") = "WebApi.Domain.Tests", "tests\WebApi.Domain.Tests\WebApi.Domain.Tests.csproj", "{F6A0DEB6-5B2C-4866-9FF0-63F173EFA08F}"
EndProject
Project("{FAE04EC0-301F-11D3-BF4B-00C04F79EFBC}") = "WebApi.Application.Tests", "tests\WebApi.Application.Tests\WebApi.Application.Tests.csproj", "{DEC0BF7E-6144-4C43-9DDB-41E39C2A0294}"
EndProject
Project("{FAE04EC0-301F-11D3-BF4B-00C04F79EFBC}") = "WebApi.Tests.Helpers", "tests\WebApi.Tests.Helpers\WebApi.Tests.Helpers.csproj", "{C7180345-2D1E-4218-9CA8-F115F4536C37}"
EndProject
Project("{FAE04EC0-301F-11D3-BF4B-00C04F79EFBC}") = "WebApi.IntegrationTests", "tests\WebApi.IntegrationTests\WebApi.IntegrationTests.csproj", "{84D77C75-F1E7-4942-878E-ACE110DF4753}"
EndProject
Global
	GlobalSection(SolutionConfigurationPlatforms) = preSolution
		Debug|Any CPU = Debug|Any CPU
		Debug|x64 = Debug|x64
		Debug|x86 = Debug|x86
		Release|Any CPU = Release|Any CPU
		Release|x64 = Release|x64
		Release|x86 = Release|x86
	EndGlobalSection
	GlobalSection(ProjectConfigurationPlatforms) = postSolution
		{C7A89BBD-14A0-4AB7-A91B-F9342065C8B4}.Debug|Any CPU.ActiveCfg = Debug|Any CPU
		{C7A89BBD-14A0-4AB7-A91B-F9342065C8B4}.Debug|Any CPU.Build.0 = Debug|Any CPU
		{C7A89BBD-14A0-4AB7-A91B-F9342065C8B4}.Debug|x64.ActiveCfg = Debug|Any CPU
		{C7A89BBD-14A0-4AB7-A91B-F9342065C8B4}.Debug|x64.Build.0 = Debug|Any CPU
		{C7A89BBD-14A0-4AB7-A91B-F9342065C8B4}.Debug|x86.ActiveCfg = Debug|Any CPU
		{C7A89BBD-14A0-4AB7-A91B-F9342065C8B4}.Debug|x86.Build.0 = Debug|Any CPU
		{C7A89BBD-14A0-4AB7-A91B-F9342065C8B4}.Release|Any CPU.ActiveCfg = Release|Any CPU
		{C7A89BBD-14A0-4AB7-A91B-F9342065C8B4}.Release|Any CPU.Build.0 = Release|Any CPU
		{C7A89BBD-14A0-4AB7-A91B-F9342065C8B4}.Release|x64.ActiveCfg = Release|Any CPU
		{C7A89BBD-14A0-4AB7-A91B-F9342065C8B4}.Release|x64.Build.0 = Release|Any CPU
		{C7A89BBD-14A0-4AB7-A91B-F9342065C8B4}.Release|x86.ActiveCfg = Release|Any CPU
		{C7A89BBD-14A0-4AB7-A91B-F9342065C8B4}.Release|x86.Build.0 = Release|Any CPU
		{811FBDA1-26DE-42F1-801A-77FF96F10640}.Debug|Any CPU.ActiveCfg = Debug|Any CPU
		{811FBDA1-26DE-42F1-801A-77FF96F10640}.Debug|Any CPU.Build.0 = Debug|Any CPU
		{811FBDA1-26DE-42F1-801A-77FF96F10640}.Debug|x64.ActiveCfg = Debug|Any CPU
		{811FBDA1-26DE-42F1-801A-77FF96F10640}.Debug|x64.Build.0 = Debug|Any CPU
		{811FBDA1-26DE-42F1-801A-77FF96F10640}.Debug|x86.ActiveCfg = Debug|Any CPU
		{811FBDA1-26DE-42F1-801A-77FF96F10640}.Debug|x86.Build.0 = Debug|Any CPU
		{811FBDA1-26DE-42F1-801A-77FF96F10640}.Release|Any CPU.ActiveCfg = Release|Any CPU
		{811FBDA1-26DE-42F1-801A-77FF96F10640}.Release|Any CPU.Build.0 = Release|Any CPU
		{811FBDA1-26DE-42F1-801A-77FF96F10640}.Release|x64.ActiveCfg = Release|Any CPU
		{811FBDA1-26DE-42F1-801A-77FF96F10640}.Release|x64.Build.0 = Release|Any CPU
		{811FBDA1-26DE-42F1-801A-77FF96F10640}.Release|x86.ActiveCfg = Release|Any CPU
		{811FBDA1-26DE-42F1-801A-77FF96F10640}.Release|x86.Build.0 = Release|Any CPU
		{EA5A6E96-CC23-4D62-B5A2-A3279B069CCE}.Debug|Any CPU.ActiveCfg = Debug|Any CPU
		{EA5A6E96-CC23-4D62-B5A2-A3279B069CCE}.Debug|Any CPU.Build.0 = Debug|Any CPU
		{EA5A6E96-CC23-4D62-B5A2-A3279B069CCE}.Debug|x64.ActiveCfg = Debug|Any CPU
		{EA5A6E96-CC23-4D62-B5A2-A3279B069CCE}.Debug|x64.Build.0 = Debug|Any CPU
		{EA5A6E96-CC23-4D62-B5A2-A3279B069CCE}.Debug|x86.ActiveCfg = Debug|Any CPU
		{EA5A6E96-CC23-4D62-B5A2-A3279B069CCE}.Debug|x86.Build.0 = Debug|Any CPU
		{EA5A6E96-CC23-4D62-B5A2-A3279B069CCE}.Release|Any CPU.ActiveCfg = Release|Any CPU
		{EA5A6E96-CC23-4D62-B5A2-A3279B069CCE}.Release|Any CPU.Build.0 = Release|Any CPU
		{EA5A6E96-CC23-4D62-B5A2-A3279B069CCE}.Release|x64.ActiveCfg = Release|Any CPU
		{EA5A6E96-CC23-4D62-B5A2-A3279B069CCE}.Release|x64.Build.0 = Release|Any CPU
		{EA5A6E96-CC23-4D62-B5A2-A3279B069CCE}.Release|x86.ActiveCfg = Release|Any CPU
		{EA5A6E96-CC23-4D62-B5A2-A3279B069CCE}.Release|x86.Build.0 = Release|Any CPU
		{816B7E4F-B310-4A6F-B606-B9CB82E5B923}.Debug|Any CPU.ActiveCfg = Debug|Any CPU
		{816B7E4F-B310-4A6F-B606-B9CB82E5B923}.Debug|Any CPU.Build.0 = Debug|Any CPU
		{816B7E4F-B310-4A6F-B606-B9CB82E5B923}.Debug|x64.ActiveCfg = Debug|Any CPU
		{816B7E4F-B310-4A6F-B606-B9CB82E5B923}.Debug|x64.Build.0 = Debug|Any CPU
		{816B7E4F-B310-4A6F-B606-B9CB82E5B923}.Debug|x86.ActiveCfg = Debug|Any CPU
		{816B7E4F-B310-4A6F-B606-B9CB82E5B923}.Debug|x86.Build.0 = Debug|Any CPU
		{816B7E4F-B310-4A6F-B606-B9CB82E5B923}.Release|Any CPU.ActiveCfg = Release|Any CPU
		{816B7E4F-B310-4A6F-B606-B9CB82E5B923}.Release|Any CPU.Build.0 = Release|Any CPU
		{816B7E4F-B310-4A6F-B606-B9CB82E5B923}.Release|x64.ActiveCfg = Release|Any CPU
		{816B7E4F-B310-4A6F-B606-B9CB82E5B923}.Release|x64.Build.0 = Release|Any CPU
		{816B7E4F-B310-4A6F-B606-B9CB82E5B923}.Release|x86.ActiveCfg = Release|Any CPU
		{816B7E4F-B310-4A6F-B606-B9CB82E5B923}.Release|x86.Build.0 = Release|Any CPU
		{F6A0DEB6-5B2C-4866-9FF0-63F173EFA08F}.Debug|Any CPU.ActiveCfg = Debug|Any CPU
		{F6A0DEB6-5B2C-4866-9FF0-63F173EFA08F}.Debug|Any CPU.Build.0 = Debug|Any CPU
		{F6A0DEB6-5B2C-4866-9FF0-63F173EFA08F}.Debug|x64.ActiveCfg = Debug|Any CPU
		{F6A0DEB6-5B2C-4866-9FF0-63F173EFA08F}.Debug|x64.Build.0 = Debug|Any CPU
		{F6A0DEB6-5B2C-4866-9FF0-63F173EFA08F}.Debug|x86.ActiveCfg = Debug|Any CPU
		{F6A0DEB6-5B2C-4866-9FF0-63F173EFA08F}.Debug|x86.Build.0 = Debug|Any CPU
		{F6A0DEB6-5B2C-4866-9FF0-63F173EFA08F}.Release|Any CPU.ActiveCfg = Release|Any CPU
		{F6A0DEB6-5B2C-4866-9FF0-63F173EFA08F}.Release|Any CPU.Build.0 = Release|Any CPU
		{F6A0DEB6-5B2C-4866-9FF0-63F173EFA08F}.Release|x64.ActiveCfg = Release|Any CPU
		{F6A0DEB6-5B2C-4866-9FF0-63F173EFA08F}.Release|x64.Build.0 = Release|Any CPU
		{F6A0DEB6-5B2C-4866-9FF0-63F173EFA08F}.Release|x86.ActiveCfg = Release|Any CPU
		{F6A0DEB6-5B2C-4866-9FF0-63F173EFA08F}.Release|x86.Build.0 = Release|Any CPU
		{DEC0BF7E-6144-4C43-9DDB-41E39C2A0294}.Debug|Any CPU.ActiveCfg = Debug|Any CPU
		{DEC0BF7E-6144-4C43-9DDB-41E39C2A0294}.Debug|Any CPU.Build.0 = Debug|Any CPU
		{DEC0BF7E-6144-4C43-9DDB-41E39C2A0294}.Debug|x64.ActiveCfg = Debug|Any CPU
		{DEC0BF7E-6144-4C43-9DDB-41E39C2A0294}.Debug|x64.Build.0 = Debug|Any CPU
		{DEC0BF7E-6144-4C43-9DDB-41E39C2A0294}.Debug|x86.ActiveCfg = Debug|Any CPU
		{DEC0BF7E-6144-4C43-9DDB-41E39C2A0294}.Debug|x86.Build.0 = Debug|Any CPU
		{DEC0BF7E-6144-4C43-9DDB-41E39C2A0294}.Release|Any CPU.ActiveCfg = Release|Any CPU
		{DEC0BF7E-6144-4C43-9DDB-41E39C2A0294}.Release|Any CPU.Build.0 = Release|Any CPU
		{DEC0BF7E-6144-4C43-9DDB-41E39C2A0294}.Release|x64.ActiveCfg = Release|Any CPU
		{DEC0BF7E-6144-4C43-9DDB-41E39C2A0294}.Release|x64.Build.0 = Release|Any CPU
		{DEC0BF7E-6144-4C43-9DDB-41E39C2A0294}.Release|x86.ActiveCfg = Release|Any CPU
		{DEC0BF7E-6144-4C43-9DDB-41E39C2A0294}.Release|x86.Build.0 = Release|Any CPU
		{C7180345-2D1E-4218-9CA8-F115F4536C37}.Debug|Any CPU.ActiveCfg = Debug|Any CPU
		{C7180345-2D1E-4218-9CA8-F115F4536C37}.Debug|Any CPU.Build.0 = Debug|Any CPU
		{C7180345-2D1E-4218-9CA8-F115F4536C37}.Debug|x64.ActiveCfg = Debug|Any CPU
		{C7180345-2D1E-4218-9CA8-F115F4536C37}.Debug|x64.Build.0 = Debug|Any CPU
		{C7180345-2D1E-4218-9CA8-F115F4536C37}.Debug|x86.ActiveCfg = Debug|Any CPU
		{C7180345-2D1E-4218-9CA8-F115F4536C37}.Debug|x86.Build.0 = Debug|Any CPU
		{C7180345-2D1E-4218-9CA8-F115F4536C37}.Release|Any CPU.ActiveCfg = Release|Any CPU
		{C7180345-2D1E-4218-9CA8-F115F4536C37}.Release|Any CPU.Build.0 = Release|Any CPU
		{C7180345-2D1E-4218-9CA8-F115F4536C37}.Release|x64.ActiveCfg = Release|Any CPU
		{C7180345-2D1E-4218-9CA8-F115F4536C37}.Release|x64.Build.0 = Release|Any CPU
		{C7180345-2D1E-4218-9CA8-F115F4536C37}.Release|x86.ActiveCfg = Release|Any CPU
		{C7180345-2D1E-4218-9CA8-F115F4536C37}.Release|x86.Build.0 = Release|Any CPU
		{84D77C75-F1E7-4942-878E-ACE110DF4753}.Debug|Any CPU.ActiveCfg = Debug|Any CPU
		{84D77C75-F1E7-4942-878E-ACE110DF4753}.Debug|Any CPU.Build.0 = Debug|Any CPU
		{84D77C75-F1E7-4942-878E-ACE110DF4753}.Debug|x64.ActiveCfg = Debug|Any CPU
		{84D77C75-F1E7-4942-878E-ACE110DF4753}.Debug|x64.Build.0 = Debug|Any CPU
		{84D77C75-F1E7-4942-878E-ACE110DF4753}.Debug|x86.ActiveCfg = Debug|Any CPU
		{84D77C75-F1E7-4942-878E-ACE110DF4753}.Debug|x86.Build.0 = Debug|Any CPU
		{84D77C75-F1E7-4942-878E-ACE110DF4753}.Release|Any CPU.ActiveCfg = Release|Any CPU
		{84D77C75-F1E7-4942-878E-ACE110DF4753}.Release|Any CPU.Build.0 = Release|Any CPU
		{84D77C75-F1E7-4942-878E-ACE110DF4753}.Release|x64.ActiveCfg = Release|Any CPU
		{84D77C75-F1E7-4942-878E-ACE110DF4753}.Release|x64.Build.0 = Release|Any CPU
		{84D77C75-F1E7-4942-878E-ACE110DF4753}.Release|x86.ActiveCfg = Release|Any CPU
		{84D77C75-F1E7-4942-878E-ACE110DF4753}.Release|x86.Build.0 = Release|Any CPU
	EndGlobalSection
	GlobalSection(SolutionProperties) = preSolution
		HideSolutionNode = FALSE
	EndGlobalSection
	GlobalSection(NestedProjects) = preSolution
		{F6A0DEB6-5B2C-4866-9FF0-63F173EFA08F} = {0AB3BF05-4346-4AA6-1389-037BE0695223}
		{DEC0BF7E-6144-4C43-9DDB-41E39C2A0294} = {0AB3BF05-4346-4AA6-1389-037BE0695223}
		{C7180345-2D1E-4218-9CA8-F115F4536C37} = {0AB3BF05-4346-4AA6-1389-037BE0695223}
		{84D77C75-F1E7-4942-878E-ACE110DF4753} = {0AB3BF05-4346-4AA6-1389-037BE0695223}
	EndGlobalSection
EndGlobal
